
Microsoft Visual Studio Solution File, Format Version 12.00
# Visual Studio Version 17
VisualStudioVersion = 17.10.34825.169
MinimumVisualStudioVersion = 10.0.40219.1
Project("{9A19103F-16F7-4668-BE54-9A1E7A4F7556}") = "Huf.Api", "Huf_Po\Huf.Api.csproj", "{BF870325-E37E-4BB4-8296-BB8CAE74152B}"
EndProject
Project("{9A19103F-16F7-4668-BE54-9A1E7A4F7556}") = "Huf.App", "App\Huf.App.csproj", "{51EF1872-823A-4EB4-AE74-37754A2E3716}"
EndProject
Global
	GlobalSection(SolutionConfigurationPlatforms) = preSolution
		Debug|Any CPU = Debug|Any CPU
		Release|Any CPU = Release|Any CPU
	EndGlobalSection
	GlobalSection(ProjectConfigurationPlatforms) = postSolution
		{BF870325-E37E-4BB4-8296-BB8CAE74152B}.Debug|Any CPU.ActiveCfg = Debug|Any CPU
		{BF870325-E37E-4BB4-8296-BB8CAE74152B}.Debug|Any CPU.Build.0 = Debug|Any CPU
		{BF870325-E37E-4BB4-8296-BB8CAE74152B}.Release|Any CPU.ActiveCfg = Release|Any CPU
		{BF870325-E37E-4BB4-8296-BB8CAE74152B}.Release|Any CPU.Build.0 = Release|Any CPU
		{51EF1872-823A-4EB4-AE74-37754A2E3716}.Debug|Any CPU.ActiveCfg = Debug|Any CPU
		{51EF1872-823A-4EB4-AE74-37754A2E3716}.Debug|Any CPU.Build.0 = Debug|Any CPU
		{51EF1872-823A-4EB4-AE74-37754A2E3716}.Release|Any CPU.ActiveCfg = Release|Any CPU
		{51EF1872-823A-4EB4-AE74-37754A2E3716}.Release|Any CPU.Build.0 = Release|Any CPU
	EndGlobalSection
	GlobalSection(SolutionProperties) = preSolution
		HideSolutionNode = FALSE
	EndGlobalSection
	GlobalSection(ExtensibilityGlobals) = postSolution
		SolutionGuid = {127024A5-457C-45E4-A3DF-6E60A5D3E3B8}
	EndGlobalSection
EndGlobal
